# This file was autogenerated by Stack.
# You should not edit this file by hand.
# For more information, please see the documentation at:
#   https://docs.haskellstack.org/en/stable/lock_files

packages:
- completed:
    hackage: cborg-json-0.2.2.0@sha256:55eb9d8e897ae9fb6c8da7aed882d0c78b326632b1b58966921a1fcde2b88b8d,2035
    pantry-tree:
      size: 328
      sha256: 81b4fcef3ec883911ad44b6e0b8d22a3cb7bd727c710735662e7138d9aa6620e
  original:
    hackage: cborg-json-0.2.2.0
- completed:
    hackage: dhall-1.29.0@sha256:2bb41a7c354a155f6e62b61dfee7474b7bb8c3b474c689e56c6a1f7af37881b9,32058
    pantry-tree:
      size: 244291
      sha256: 974a3764c28f7fe86fbd4117292ca4ba8da685e894656e683989fc4df0106d06
  original:
    hackage: dhall-1.29.0
- completed:
    hackage: dotgen-0.4.2@sha256:309b7cc8a3593a8e48bee7b53020d5f72db156d58edf78a0214f58fbb84b292b,1402
    pantry-tree:
      size: 357
      sha256: d03f332855d4d9b02e96931596e358202bd18032c323fb1abd8fe84299d259cd
  original:
    hackage: dotgen-0.4.2
- completed:
    hackage: hakyll-4.13.0.1@sha256:0f27d74feaedc96648ec5377ecec2b35dd677516c9667d179462a350f2075628,8817
    pantry-tree:
      size: 7841
      sha256: 4a4409d287ee3daabb0141e3ebd3d2e88ead7382ba5cc582733907b4a938c4a8
  original:
    hackage: hakyll-4.13.0.1
- completed:
    hackage: serialise-0.2.2.0@sha256:6e8b89f437009ab30297a57de1a4bf2e3da5e5a086b96bf5cc278bdb7178f097,8356
    pantry-tree:
      size: 4056
      sha256: 97702981cdfe830fca6d258341b9773272400e475165689548f56da83eff2778
  original:
    hackage: serialise-0.2.2.0
- completed:
    hackage: megaparsec-8.0.0@sha256:362f85e243ecbcb550e1de6e5c74ba5a50c09edaa1208c99bc5b9fd242227fc6,3808
    pantry-tree:
      size: 1446
      sha256: 955117c00a86970f2d0c215f33cf5293b16589c04678a0a790c03368ab6fd0aa
  original:
    hackage: megaparsec-8.0.0
- completed:
    hackage: atomic-write-0.2.0.7@sha256:3b626dfbc288cd070f1ac31b1c15ddd49822a923778ffe21f92b2116ffc72dc3,4584
    pantry-tree:
      size: 2237
      sha256: b49d642f11c9eade41fac2c52dc34aadb093fd48139418c001e19d7ab1ae6696
  original:
    hackage: atomic-write-0.2.0.7
- completed:
    hackage: repline-0.2.2.0@sha256:955c422f13fd3333674e92f2b73e3c85606c6678643c952f641688535cab020d,1252
    pantry-tree:
      size: 323
      sha256: 7e894427ba8a8e94f19706a23391018cd54bdf49c751534a216893416d438e6d
  original:
    hackage: repline-0.2.2.0
snapshots:
- completed:
    size: 524154
    url: https://raw.githubusercontent.com/commercialhaskell/stackage-snapshots/master/lts/14/20.yaml
    sha256: 2f5099f69ddb6abfe64400fe1e6a604e8e628f55e6837211cd70a81eb0a8fa4d
  original: lts-14.20
