# This file was autogenerated by Stack.
# You should not edit this file by hand.
# For more information, please see the documentation at:
#   https://docs.haskellstack.org/en/stable/lock_files

packages:
- completed:
    hackage: dhall-1.29.0@sha256:2bb41a7c354a155f6e62b61dfee7474b7bb8c3b474c689e56c6a1f7af37881b9,32058
    pantry-tree:
      size: 244291
      sha256: 974a3764c28f7fe86fbd4117292ca4ba8da685e894656e683989fc4df0106d06
  original:
    hackage: dhall-1.29.0
- completed:
    hackage: hakyll-4.13.0.1@sha256:0f27d74feaedc96648ec5377ecec2b35dd677516c9667d179462a350f2075628,8817
    pantry-tree:
      size: 7841
      sha256: 4a4409d287ee3daabb0141e3ebd3d2e88ead7382ba5cc582733907b4a938c4a8
  original:
    hackage: hakyll-4.13.0.1
snapshots:
- completed:
    size: 524154
    url: https://raw.githubusercontent.com/commercialhaskell/stackage-snapshots/master/lts/14/20.yaml
    sha256: 2f5099f69ddb6abfe64400fe1e6a604e8e628f55e6837211cd70a81eb0a8fa4d
  original: lts-14.20
