# This file was autogenerated by Stack.
# You should not edit this file by hand.
# For more information, please see the documentation at:
#   https://docs.haskellstack.org/en/stable/lock_files

packages:
- completed:
    hackage: cborg-json-0.2.1.0@sha256:af9137557002ca5308fe80570a9a29398dfb9708423870875223796760689ac3,1268
    pantry-tree:
      size: 274
      sha256: fa0ca2dc2d6cdab48e5ef74ffe248670045fca98339d939e47215a5c3ebe47c0
  original:
    hackage: cborg-json-0.2.1.0
- completed:
    hackage: dhall-1.23.0@sha256:12a699b7ed30ee40b1a3e05dfd3eef1b053914a5aebeb2f76cc568306570e51b,30737
    pantry-tree:
      size: 127759
      sha256: d5c6ff3a3628ac42975364405f9c0dfac4ad0286667e2535839b4806e5438109
  original:
    hackage: dhall-1.23.0
- completed:
    hackage: dotgen-0.4.2@sha256:309b7cc8a3593a8e48bee7b53020d5f72db156d58edf78a0214f58fbb84b292b,1402
    pantry-tree:
      size: 357
      sha256: d03f332855d4d9b02e96931596e358202bd18032c323fb1abd8fe84299d259cd
  original:
    hackage: dotgen-0.4.2
- completed:
    hackage: hakyll-4.12.5.2@sha256:435eec729639a4bf0d58f3c7c71929600f4130f10241275d5e7df856cc8aae90,8677
    pantry-tree:
      size: 7631
      sha256: bd0cbe9051fae2b109d4b8955fd55a710b61c5dfd8b132d444c72c8f9e65c855
  original:
    hackage: hakyll-4.12.5.2
- completed:
    hackage: lrucache-1.2.0.1@sha256:18fc3d7052012c7ab3cd395160f34b53c5e1ec5379cc45185baf35b90ffadc2e,1254
    pantry-tree:
      size: 619
      sha256: 61b2a39a11873f2d8a577e1f6b5e848d2f465ea7f6837ce15436796d3a20eda0
  original:
    hackage: lrucache-1.2.0.1
- completed:
    hackage: repline-0.2.1.0@sha256:0f8e92d78e771afb9d41243c2b6ab9609fe02f94e676fae3caed66fa4ce09b18,1187
    pantry-tree:
      size: 323
      sha256: f48833fb8a89fc4ede1b254bdfbc8937d82e694eb05bf936bf89293bab691700
  original:
    hackage: repline-0.2.1.0
- completed:
    hackage: serialise-0.2.1.0@sha256:8d6051f64c6ebfaf705195dd0b8dfb667617f2e674b290ed2e44985009e4f951,8242
    pantry-tree:
      size: 4056
      sha256: 26f4c5d503a78001152b73868bd66c5b3479d9b62bb0134c6557815ced34402a
  original:
    hackage: serialise-0.2.1.0
snapshots:
- completed:
    size: 513872
    url: https://raw.githubusercontent.com/commercialhaskell/stackage-snapshots/master/nightly/2019/6/28.yaml
    sha256: 60d99bc77de2ab71baaf7114873210155f84e8ae78350f113a1e6307a6b1995c
  original: nightly-2019-06-28
